// !$*UTF8*$!
{
	archiveVersion = 1;
	classes = {
	};
	objectVersion = 50;
	objects = {

/* Begin PBXBuildFile section */
		3A15062B21A6D08900549131 /* AppDelegate.swift in Sources */ = {isa = PBXBuildFile; fileRef = 3A15062A21A6D08900549131 /* AppDelegate.swift */; };
		3A15062D21A6D08900549131 /* ViewController.swift in Sources */ = {isa = PBXBuildFile; fileRef = 3A15062C21A6D08900549131 /* ViewController.swift */; };
		3A15063021A6D08900549131 /* Main.storyboard in Resources */ = {isa = PBXBuildFile; fileRef = 3A15062E21A6D08900549131 /* Main.storyboard */; };
		3A15063221A6D08A00549131 /* Assets.xcassets in Resources */ = {isa = PBXBuildFile; fileRef = 3A15063121A6D08A00549131 /* Assets.xcassets */; };
		3A15063521A6D08A00549131 /* LaunchScreen.storyboard in Resources */ = {isa = PBXBuildFile; fileRef = 3A15063321A6D08A00549131 /* LaunchScreen.storyboard */; };
		3A15064021A6D08A00549131 /* MG_LWW_ElementSetTests.swift in Sources */ = {isa = PBXBuildFile; fileRef = 3A15063F21A6D08A00549131 /* MG_LWW_ElementSetTests.swift */; };
/* End PBXBuildFile section */

/* Begin PBXContainerItemProxy section */
		3A15063C21A6D08A00549131 /* PBXContainerItemProxy */ = {
			isa = PBXContainerItemProxy;
			containerPortal = 3A15061F21A6D08900549131 /* Project object */;
			proxyType = 1;
			remoteGlobalIDString = 3A15062621A6D08900549131;
			remoteInfo = "MG-LWW_ElementSet";
		};
/* End PBXContainerItemProxy section */

/* Begin PBXFileReference section */
		3A15062721A6D08900549131 /* MG-LWW_ElementSet.app */ = {isa = PBXFileReference; explicitFileType = wrapper.application; includeInIndex = 0; path = "MG-LWW_ElementSet.app"; sourceTree = BUILT_PRODUCTS_DIR; };
		3A15062A21A6D08900549131 /* AppDelegate.swift */ = {isa = PBXFileReference; lastKnownFileType = sourcecode.swift; path = AppDelegate.swift; sourceTree = "<group>"; };
		3A15062C21A6D08900549131 /* ViewController.swift */ = {isa = PBXFileReference; lastKnownFileType = sourcecode.swift; path = ViewController.swift; sourceTree = "<group>"; };
		3A15062F21A6D08900549131 /* Base */ = {isa = PBXFileReference; lastKnownFileType = file.storyboard; name = Base; path = Base.lproj/Main.storyboard; sourceTree = "<group>"; };
		3A15063121A6D08A00549131 /* Assets.xcassets */ = {isa = PBXFileReference; lastKnownFileType = folder.assetcatalog; path = Assets.xcassets; sourceTree = "<group>"; };
		3A15063421A6D08A00549131 /* Base */ = {isa = PBXFileReference; lastKnownFileType = file.storyboard; name = Base; path = Base.lproj/LaunchScreen.storyboard; sourceTree = "<group>"; };
		3A15063621A6D08A00549131 /* Info.plist */ = {isa = PBXFileReference; lastKnownFileType = text.plist.xml; path = Info.plist; sourceTree = "<group>"; };
		3A15063B21A6D08A00549131 /* MG-LWW_ElementSetTests.xctest */ = {isa = PBXFileReference; explicitFileType = wrapper.cfbundle; includeInIndex = 0; path = "MG-LWW_ElementSetTests.xctest"; sourceTree = BUILT_PRODUCTS_DIR; };
		3A15063F21A6D08A00549131 /* MG_LWW_ElementSetTests.swift */ = {isa = PBXFileReference; lastKnownFileType = sourcecode.swift; path = MG_LWW_ElementSetTests.swift; sourceTree = "<group>"; };
		3A15064121A6D08A00549131 /* Info.plist */ = {isa = PBXFileReference; lastKnownFileType = text.plist.xml; path = Info.plist; sourceTree = "<group>"; };
		3A15064A21A6D15000549131 /* MyPlayground.playground */ = {isa = PBXFileReference; lastKnownFileType = file.playground; path = MyPlayground.playground; sourceTree = "<group>"; xcLanguageSpecificationIdentifier = xcode.lang.swift; };
/* End PBXFileReference section */

/* Begin PBXFrameworksBuildPhase section */
		3A15062421A6D08900549131 /* Frameworks */ = {
			isa = PBXFrameworksBuildPhase;
			buildActionMask = 2147483647;
			files = (
			);
			runOnlyForDeploymentPostprocessing = 0;
		};
		3A15063821A6D08A00549131 /* Frameworks */ = {
			isa = PBXFrameworksBuildPhase;
			buildActionMask = 2147483647;
			files = (
			);
			runOnlyForDeploymentPostprocessing = 0;
		};
/* End PBXFrameworksBuildPhase section */

/* Begin PBXGroup section */
		3A15061E21A6D08900549131 = {
			isa = PBXGroup;
			children = (
				3A15062921A6D08900549131 /* MG-LWW_ElementSet */,
				3A15063E21A6D08A00549131 /* MG-LWW_ElementSetTests */,
				3A15062821A6D08900549131 /* Products */,
			);
			sourceTree = "<group>";
		};
		3A15062821A6D08900549131 /* Products */ = {
			isa = PBXGroup;
			children = (
				3A15062721A6D08900549131 /* MG-LWW_ElementSet.app */,
				3A15063B21A6D08A00549131 /* MG-LWW_ElementSetTests.xctest */,
			);
			name = Products;
			sourceTree = "<group>";
		};
		3A15062921A6D08900549131 /* MG-LWW_ElementSet */ = {
			isa = PBXGroup;
			children = (
				3A15064A21A6D15000549131 /* MyPlayground.playground */,
				3A15062A21A6D08900549131 /* AppDelegate.swift */,
				3A15062C21A6D08900549131 /* ViewController.swift */,
				3A15062E21A6D08900549131 /* Main.storyboard */,
				3A15063121A6D08A00549131 /* Assets.xcassets */,
				3A15063321A6D08A00549131 /* LaunchScreen.storyboard */,
				3A15063621A6D08A00549131 /* Info.plist */,
			);
			path = "MG-LWW_ElementSet";
			sourceTree = "<group>";
		};
		3A15063E21A6D08A00549131 /* MG-LWW_ElementSetTests */ = {
			isa = PBXGroup;
			children = (
				3A15063F21A6D08A00549131 /* MG_LWW_ElementSetTests.swift */,
				3A15064121A6D08A00549131 /* Info.plist */,
			);
			path = "MG-LWW_ElementSetTests";
			sourceTree = "<group>";
		};
/* End PBXGroup section */

/* Begin PBXNativeTarget section */
		3A15062621A6D08900549131 /* MG-LWW_ElementSet */ = {
			isa = PBXNativeTarget;
			buildConfigurationList = 3A15064421A6D08A00549131 /* Build configuration list for PBXNativeTarget "MG-LWW_ElementSet" */;
			buildPhases = (
				3A15062321A6D08900549131 /* Sources */,
				3A15062421A6D08900549131 /* Frameworks */,
				3A15062521A6D08900549131 /* Resources */,
			);
			buildRules = (
			);
			dependencies = (
			);
			name = "MG-LWW_ElementSet";
			productName = "MG-LWW_ElementSet";
			productReference = 3A15062721A6D08900549131 /* MG-LWW_ElementSet.app */;
			productType = "com.apple.product-type.application";
		};
		3A15063A21A6D08A00549131 /* MG-LWW_ElementSetTests */ = {
			isa = PBXNativeTarget;
			buildConfigurationList = 3A15064721A6D08A00549131 /* Build configuration list for PBXNativeTarget "MG-LWW_ElementSetTests" */;
			buildPhases = (
				3A15063721A6D08A00549131 /* Sources */,
				3A15063821A6D08A00549131 /* Frameworks */,
				3A15063921A6D08A00549131 /* Resources */,
			);
			buildRules = (
			);
			dependencies = (
				3A15063D21A6D08A00549131 /* PBXTargetDependency */,
			);
			name = "MG-LWW_ElementSetTests";
			productName = "MG-LWW_ElementSetTests";
			productReference = 3A15063B21A6D08A00549131 /* MG-LWW_ElementSetTests.xctest */;
			productType = "com.apple.product-type.bundle.unit-test";
		};
/* End PBXNativeTarget section */

/* Begin PBXProject section */
		3A15061F21A6D08900549131 /* Project object */ = {
			isa = PBXProject;
			attributes = {
				LastSwiftUpdateCheck = 1010;
				LastUpgradeCheck = 1010;
				ORGANIZATIONNAME = "Gupta, Mrigank";
				TargetAttributes = {
					3A15062621A6D08900549131 = {
						CreatedOnToolsVersion = 10.1;
					};
					3A15063A21A6D08A00549131 = {
						CreatedOnToolsVersion = 10.1;
						TestTargetID = 3A15062621A6D08900549131;
					};
				};
			};
			buildConfigurationList = 3A15062221A6D08900549131 /* Build configuration list for PBXProject "MG-LWW_ElementSet" */;
			compatibilityVersion = "Xcode 9.3";
			developmentRegion = en;
			hasScannedForEncodings = 0;
			knownRegions = (
				en,
				Base,
			);
			mainGroup = 3A15061E21A6D08900549131;
			productRefGroup = 3A15062821A6D08900549131 /* Products */;
			projectDirPath = "";
			projectRoot = "";
			targets = (
				3A15062621A6D08900549131 /* MG-LWW_ElementSet */,
				3A15063A21A6D08A00549131 /* MG-LWW_ElementSetTests */,
			);
		};
/* End PBXProject section */

/* Begin PBXResourcesBuildPhase section */
		3A15062521A6D08900549131 /* Resources */ = {
			isa = PBXResourcesBuildPhase;
			buildActionMask = 2147483647;
			files = (
				3A15063521A6D08A00549131 /* LaunchScreen.storyboard in Resources */,
				3A15063221A6D08A00549131 /* Assets.xcassets in Resources */,
				3A15063021A6D08900549131 /* Main.storyboard in Resources */,
			);
			runOnlyForDeploymentPostprocessing = 0;
		};
		3A15063921A6D08A00549131 /* Resources */ = {
			isa = PBXResourcesBuildPhase;
			buildActionMask = 2147483647;
			files = (
			);
			runOnlyForDeploymentPostprocessing = 0;
		};
/* End PBXResourcesBuildPhase section */

/* Begin PBXSourcesBuildPhase section */
		3A15062321A6D08900549131 /* Sources */ = {
			isa = PBXSourcesBuildPhase;
			buildActionMask = 2147483647;
			files = (
				3A15062D21A6D08900549131 /* ViewController.swift in Sources */,
				3A15062B21A6D08900549131 /* AppDelegate.swift in Sources */,
			);
			runOnlyForDeploymentPostprocessing = 0;
		};
		3A15063721A6D08A00549131 /* Sources */ = {
			isa = PBXSourcesBuildPhase;
			buildActionMask = 2147483647;
			files = (
				3A15064021A6D08A00549131 /* MG_LWW_ElementSetTests.swift in Sources */,
			);
			runOnlyForDeploymentPostprocessing = 0;
		};
/* End PBXSourcesBuildPhase section */

/* Begin PBXTargetDependency section */
		3A15063D21A6D08A00549131 /* PBXTargetDependency */ = {
			isa = PBXTargetDependency;
			target = 3A15062621A6D08900549131 /* MG-LWW_ElementSet */;
			targetProxy = 3A15063C21A6D08A00549131 /* PBXContainerItemProxy */;
		};
/* End PBXTargetDependency section */

/* Begin PBXVariantGroup section */
		3A15062E21A6D08900549131 /* Main.storyboard */ = {
			isa = PBXVariantGroup;
			children = (
				3A15062F21A6D08900549131 /* Base */,
			);
			name = Main.storyboard;
			sourceTree = "<group>";
		};
		3A15063321A6D08A00549131 /* LaunchScreen.storyboard */ = {
			isa = PBXVariantGroup;
			children = (
				3A15063421A6D08A00549131 /* Base */,
			);
			name = LaunchScreen.storyboard;
			sourceTree = "<group>";
		};
/* End PBXVariantGroup section */

/* Begin XCBuildConfiguration section */
		3A15064221A6D08A00549131 /* Debug */ = {
			isa = XCBuildConfiguration;
			buildSettings = {
				ALWAYS_SEARCH_USER_PATHS = NO;
				CLANG_ANALYZER_NONNULL = YES;
				CLANG_ANALYZER_NUMBER_OBJECT_CONVERSION = YES_AGGRESSIVE;
				CLANG_CXX_LANGUAGE_STANDARD = "gnu++14";
				CLANG_CXX_LIBRARY = "libc++";
				CLANG_ENABLE_MODULES = YES;
				CLANG_ENABLE_OBJC_ARC = YES;
				CLANG_ENABLE_OBJC_WEAK = YES;
				CLANG_WARN_BLOCK_CAPTURE_AUTORELEASING = YES;
				CLANG_WARN_BOOL_CONVERSION = YES;
				CLANG_WARN_COMMA = YES;
				CLANG_WARN_CONSTANT_CONVERSION = YES;
				CLANG_WARN_DEPRECATED_OBJC_IMPLEMENTATIONS = YES;
				CLANG_WARN_DIRECT_OBJC_ISA_USAGE = YES_ERROR;
				CLANG_WARN_DOCUMENTATION_COMMENTS = YES;
				CLANG_WARN_EMPTY_BODY = YES;
				CLANG_WARN_ENUM_CONVERSION = YES;
				CLANG_WARN_INFINITE_RECURSION = YES;
				CLANG_WARN_INT_CONVERSION = YES;
				CLANG_WARN_NON_LITERAL_NULL_CONVERSION = YES;
				CLANG_WARN_OBJC_IMPLICIT_RETAIN_SELF = YES;
				CLANG_WARN_OBJC_LITERAL_CONVERSION = YES;
				CLANG_WARN_OBJC_ROOT_CLASS = YES_ERROR;
				CLANG_WARN_RANGE_LOOP_ANALYSIS = YES;
				CLANG_WARN_STRICT_PROTOTYPES = YES;
				CLANG_WARN_SUSPICIOUS_MOVE = YES;
				CLANG_WARN_UNGUARDED_AVAILABILITY = YES_AGGRESSIVE;
				CLANG_WARN_UNREACHABLE_CODE = YES;
				CLANG_WARN__DUPLICATE_METHOD_MATCH = YES;
				CODE_SIGN_IDENTITY = "iPhone Developer";
				COPY_PHASE_STRIP = NO;
				DEBUG_INFORMATION_FORMAT = dwarf;
				ENABLE_STRICT_OBJC_MSGSEND = YES;
				ENABLE_TESTABILITY = YES;
				GCC_C_LANGUAGE_STANDARD = gnu11;
				GCC_DYNAMIC_NO_PIC = NO;
				GCC_NO_COMMON_BLOCKS = YES;
				GCC_OPTIMIZATION_LEVEL = 0;
				GCC_PREPROCESSOR_DEFINITIONS = (
					"DEBUG=1",
					"$(inherited)",
				);
				GCC_WARN_64_TO_32_BIT_CONVERSION = YES;
				GCC_WARN_ABOUT_RETURN_TYPE = YES_ERROR;
				GCC_WARN_UNDECLARED_SELECTOR = YES;
				GCC_WARN_UNINITIALIZED_AUTOS = YES_AGGRESSIVE;
				GCC_WARN_UNUSED_FUNCTION = YES;
				GCC_WARN_UNUSED_VARIABLE = YES;
				IPHONEOS_DEPLOYMENT_TARGET = 12.1;
				MTL_ENABLE_DEBUG_INFO = INCLUDE_SOURCE;
				MTL_FAST_MATH = YES;
				ONLY_ACTIVE_ARCH = YES;
				SDKROOT = iphoneos;
				SWIFT_ACTIVE_COMPILATION_CONDITIONS = DEBUG;
				SWIFT_OPTIMIZATION_LEVEL = "-Onone";
			};
			name = Debug;
		};
		3A15064321A6D08A00549131 /* Release */ = {
			isa = XCBuildConfiguration;
			buildSettings = {
				ALWAYS_SEARCH_USER_PATHS = NO;
				CLANG_ANALYZER_NONNULL = YES;
				CLANG_ANALYZER_NUMBER_OBJECT_CONVERSION = YES_AGGRESSIVE;
				CLANG_CXX_LANGUAGE_STANDARD = "gnu++14";
				CLANG_CXX_LIBRARY = "libc++";
				CLANG_ENABLE_MODULES = YES;
				CLANG_ENABLE_OBJC_ARC = YES;
				CLANG_ENABLE_OBJC_WEAK = YES;
				CLANG_WARN_BLOCK_CAPTURE_AUTORELEASING = YES;
				CLANG_WARN_BOOL_CONVERSION = YES;
				CLANG_WARN_COMMA = YES;
				CLANG_WARN_CONSTANT_CONVERSION = YES;
				CLANG_WARN_DEPRECATED_OBJC_IMPLEMENTATIONS = YES;
				CLANG_WARN_DIRECT_OBJC_ISA_USAGE = YES_ERROR;
				CLANG_WARN_DOCUMENTATION_COMMENTS = YES;
				CLANG_WARN_EMPTY_BODY = YES;
				CLANG_WARN_ENUM_CONVERSION = YES;
				CLANG_WARN_INFINITE_RECURSION = YES;
				CLANG_WARN_INT_CONVERSION = YES;
				CLANG_WARN_NON_LITERAL_NULL_CONVERSION = YES;
				CLANG_WARN_OBJC_IMPLICIT_RETAIN_SELF = YES;
				CLANG_WARN_OBJC_LITERAL_CONVERSION = YES;
				CLANG_WARN_OBJC_ROOT_CLASS = YES_ERROR;
				CLANG_WARN_RANGE_LOOP_ANALYSIS = YES;
				CLANG_WARN_STRICT_PROTOTYPES = YES;
				CLANG_WARN_SUSPICIOUS_MOVE = YES;
				CLANG_WARN_UNGUARDED_AVAILABILITY = YES_AGGRESSIVE;
				CLANG_WARN_UNREACHABLE_CODE = YES;
				CLANG_WARN__DUPLICATE_METHOD_MATCH = YES;
				CODE_SIGN_IDENTITY = "iPhone Developer";
				COPY_PHASE_STRIP = NO;
				DEBUG_INFORMATION_FORMAT = "dwarf-with-dsym";
				ENABLE_NS_ASSERTIONS = NO;
				ENABLE_STRICT_OBJC_MSGSEND = YES;
				GCC_C_LANGUAGE_STANDARD = gnu11;
				GCC_NO_COMMON_BLOCKS = YES;
				GCC_WARN_64_TO_32_BIT_CONVERSION = YES;
				GCC_WARN_ABOUT_RETURN_TYPE = YES_ERROR;
				GCC_WARN_UNDECLARED_SELECTOR = YES;
				GCC_WARN_UNINITIALIZED_AUTOS = YES_AGGRESSIVE;
				GCC_WARN_UNUSED_FUNCTION = YES;
				GCC_WARN_UNUSED_VARIABLE = YES;
				IPHONEOS_DEPLOYMENT_TARGET = 12.1;
				MTL_ENABLE_DEBUG_INFO = NO;
				MTL_FAST_MATH = YES;
				SDKROOT = iphoneos;
				SWIFT_COMPILATION_MODE = wholemodule;
				SWIFT_OPTIMIZATION_LEVEL = "-O";
				VALIDATE_PRODUCT = YES;
			};
			name = Release;
		};
		3A15064521A6D08A00549131 /* Debug */ = {
			isa = XCBuildConfiguration;
			buildSettings = {
				ASSETCATALOG_COMPILER_APPICON_NAME = AppIcon;
				CODE_SIGN_STYLE = Automatic;
				INFOPLIST_FILE = "MG-LWW_ElementSet/Info.plist";
				LD_RUNPATH_SEARCH_PATHS = (
					"$(inherited)",
					"@executable_path/Frameworks",
				);
				PRODUCT_BUNDLE_IDENTIFIER = "com.cogicx.MG-LWW-ElementSet";
				PRODUCT_NAME = "$(TARGET_NAME)";
				SWIFT_VERSION = 4.2;
				TARGETED_DEVICE_FAMILY = "1,2";
			};
			name = Debug;
		};
		3A15064621A6D08A00549131 /* Release */ = {
			isa = XCBuildConfiguration;
			buildSettings = {
				ASSETCATALOG_COMPILER_APPICON_NAME = AppIcon;
				CODE_SIGN_STYLE = Automatic;
				INFOPLIST_FILE = "MG-LWW_ElementSet/Info.plist";
				LD_RUNPATH_SEARCH_PATHS = (
					"$(inherited)",
					"@executable_path/Frameworks",
				);
				PRODUCT_BUNDLE_IDENTIFIER = "com.cogicx.MG-LWW-ElementSet";
				PRODUCT_NAME = "$(TARGET_NAME)";
				SWIFT_VERSION = 4.2;
				TARGETED_DEVICE_FAMILY = "1,2";
			};
			name = Release;
		};
		3A15064821A6D08A00549131 /* Debug */ = {
			isa = XCBuildConfiguration;
			buildSettings = {
				ALWAYS_EMBED_SWIFT_STANDARD_LIBRARIES = YES;
				BUNDLE_LOADER = "$(TEST_HOST)";
				CODE_SIGN_STYLE = Automatic;
				INFOPLIST_FILE = "MG-LWW_ElementSetTests/Info.plist";
				LD_RUNPATH_SEARCH_PATHS = (
					"$(inherited)",
					"@executable_path/Frameworks",
					"@loader_path/Frameworks",
				);
				PRODUCT_BUNDLE_IDENTIFIER = "com.cogicx.MG-LWW-ElementSetTests";
				PRODUCT_NAME = "$(TARGET_NAME)";
				SWIFT_VERSION = 4.2;
				TARGETED_DEVICE_FAMILY = "1,2";
				TEST_HOST = "$(BUILT_PRODUCTS_DIR)/MG-LWW_ElementSet.app/MG-LWW_ElementSet";
			};
			name = Debug;
		};
		3A15064921A6D08A00549131 /* Release */ = {
			isa = XCBuildConfiguration;
			buildSettings = {
				ALWAYS_EMBED_SWIFT_STANDARD_LIBRARIES = YES;
				BUNDLE_LOADER = "$(TEST_HOST)";
				CODE_SIGN_STYLE = Automatic;
				INFOPLIST_FILE = "MG-LWW_ElementSetTests/Info.plist";
				LD_RUNPATH_SEARCH_PATHS = (
					"$(inherited)",
					"@executable_path/Frameworks",
					"@loader_path/Frameworks",
				);
				PRODUCT_BUNDLE_IDENTIFIER = "com.cogicx.MG-LWW-ElementSetTests";
				PRODUCT_NAME = "$(TARGET_NAME)";
				SWIFT_VERSION = 4.2;
				TARGETED_DEVICE_FAMILY = "1,2";
				TEST_HOST = "$(BUILT_PRODUCTS_DIR)/MG-LWW_ElementSet.app/MG-LWW_ElementSet";
			};
			name = Release;
		};
/* End XCBuildConfiguration section */

/* Begin XCConfigurationList section */
		3A15062221A6D08900549131 /* Build configuration list for PBXProject "MG-LWW_ElementSet" */ = {
			isa = XCConfigurationList;
			buildConfigurations = (
				3A15064221A6D08A00549131 /* Debug */,
				3A15064321A6D08A00549131 /* Release */,
			);
			defaultConfigurationIsVisible = 0;
			defaultConfigurationName = Release;
		};
		3A15064421A6D08A00549131 /* Build configuration list for PBXNativeTarget "MG-LWW_ElementSet" */ = {
			isa = XCConfigurationList;
			buildConfigurations = (
				3A15064521A6D08A00549131 /* Debug */,
				3A15064621A6D08A00549131 /* Release */,
			);
			defaultConfigurationIsVisible = 0;
			defaultConfigurationName = Release;
		};
		3A15064721A6D08A00549131 /* Build configuration list for PBXNativeTarget "MG-LWW_ElementSetTests" */ = {
			isa = XCConfigurationList;
			buildConfigurations = (
				3A15064821A6D08A00549131 /* Debug */,
				3A15064921A6D08A00549131 /* Release */,
			);
			defaultConfigurationIsVisible = 0;
			defaultConfigurationName = Release;
		};
/* End XCConfigurationList section */
	};
	rootObject = 3A15061F21A6D08900549131 /* Project object */;
}
